{
  "name": "example-cloudflare",
  "version": "1.0.0",
  "lockfileVersion": 3,
  "requires": true,
  "packages": {
    "": {
      "name": "example-cloudflare",
      "version": "1.0.0",
      "devDependencies": {
        "cdn-security-framework": "file:../.."
      }
    },
    "../..": {
      "version": "1.0.0",
      "dev": true,
      "license": "Apache-2.0",
      "dependencies": {
        "commander": "^11.0.0",
        "inquirer": "^8.2.0",
        "js-yaml": "^4.1.0"
      },
      "bin": {
        "cdn-security": "bin/cli.js"
      },
      "engines": {
        "node": ">=18"
      }
    },
    "node_modules/cdn-security-framework": {
      "resolved": "../..",
      "link": true
    }
  }
}
